{
  "name": "vue-api-platform",
  "version": "0.8.0",
  "lockfileVersion": 1,
  "requires": true,
  "dependencies": {
    "@neorel/fetch-intercept": {
      "version": "2.4.0",
      "resolved": "https://registry.npmjs.org/@neorel/fetch-intercept/-/fetch-intercept-2.4.0.tgz",
      "integrity": "sha512-tPVLjhMv5xKYTxn6WteL1EcU0R46QmtLvc2QqI0TChYgNL54Qs74XRdV9/B0AB/HwSneLQdUnO5+JtWYToJDHA=="
    },
    "lodash": {
      "version": "4.17.15",
      "resolved": "https://registry.npmjs.org/lodash/-/lodash-4.17.15.tgz",
      "integrity": "sha512-8xOcRHvCjnocdS5cpwXQXVzmmh5e5+saE2QGoeQmbKmRS6J3VQppPOIt0MnmE+4xlZoumy0GPG0D0MVIQbNA1A=="
    }
  }
}
